
Microsoft Visual Studio Solution File, Format Version 12.00
# Visual Studio Version 17
VisualStudioVersion = 17.6.33723.286
MinimumVisualStudioVersion = 10.0.40219.1
Project("{FAE04EC0-301F-11D3-BF4B-00C04F79EFBC}") = "BTLC#", "BTLC#\BTLC#.csproj", "{67871883-AA1C-4290-A9DF-E39760F1898E}"
EndProject
Global
	GlobalSection(SolutionConfigurationPlatforms) = preSolution
		Debug|Any CPU = Debug|Any CPU
		Release|Any CPU = Release|Any CPU
	EndGlobalSection
	GlobalSection(ProjectConfigurationPlatforms) = postSolution
		{67871883-AA1C-4290-A9DF-E39760F1898E}.Debug|Any CPU.ActiveCfg = Debug|Any CPU
		{67871883-AA1C-4290-A9DF-E39760F1898E}.Debug|Any CPU.Build.0 = Debug|Any CPU
		{67871883-AA1C-4290-A9DF-E39760F1898E}.Release|Any CPU.ActiveCfg = Release|Any CPU
		{67871883-AA1C-4290-A9DF-E39760F1898E}.Release|Any CPU.Build.0 = Release|Any CPU
	EndGlobalSection
	GlobalSection(SolutionProperties) = preSolution
		HideSolutionNode = FALSE
	EndGlobalSection
	GlobalSection(ExtensibilityGlobals) = postSolution
		SolutionGuid = {CB162A04-9F11-4568-8A5B-CB3A7A96749C}
	EndGlobalSection
EndGlobal
